
Microsoft Visual Studio Solution File, Format Version 12.00
# Visual Studio Version 16
VisualStudioVersion = 16.0.30002.166
MinimumVisualStudioVersion = 10.0.40219.1
Project("{FAE04EC0-301F-11D3-BF4B-00C04F79EFBC}") = "WebPageMonitor", "WebPageMonitor.csproj", "{2D889146-194C-4635-BE37-78A02B7AAA26}"
EndProject
Global
	GlobalSection(SolutionConfigurationPlatforms) = preSolution
		Debug|Any CPU = Debug|Any CPU
		Release|Any CPU = Release|Any CPU
	EndGlobalSection
	GlobalSection(ProjectConfigurationPlatforms) = postSolution
		{2D889146-194C-4635-BE37-78A02B7AAA26}.Debug|Any CPU.ActiveCfg = Debug|Any CPU
		{2D889146-194C-4635-BE37-78A02B7AAA26}.Debug|Any CPU.Build.0 = Debug|Any CPU
		{2D889146-194C-4635-BE37-78A02B7AAA26}.Release|Any CPU.ActiveCfg = Release|Any CPU
		{2D889146-194C-4635-BE37-78A02B7AAA26}.Release|Any CPU.Build.0 = Release|Any CPU
	EndGlobalSection
	GlobalSection(SolutionProperties) = preSolution
		HideSolutionNode = FALSE
	EndGlobalSection
	GlobalSection(ExtensibilityGlobals) = postSolution
		SolutionGuid = {BCCC444F-A524-47EC-BB38-34A031DCAEFA}
	EndGlobalSection
EndGlobal
